# IF THERE'S A GIT CONFLICT IN THIS FILE, DON'T SOLVE IT MANUALLY!
# INSTEAD EXECUTE `prisma migrate fix`
# Prisma Migrate lockfile v1
# Read more about conflict resolution here: TODO

20200423101115-initial
20200423101224-fix-address_history-name
20200423104642-test
20200423104846-fix-sid-on-address
20200423111331-remove-maps
20200424135916